dependencies:
- name: cert-manager
  repository: https://charts.jetstack.io
  version: v1.20.2
- name: ingress-nginx
  repository: https://kubernetes.github.io/ingress-nginx
  version: 4.15.1
- name: external-dns
  repository: https://kubernetes-sigs.github.io/external-dns/
  version: 1.21.1
- name: cloudnative-pg
  repository: https://cloudnative-pg.github.io/charts
  version: 0.28.0
- name: hcloud-csi
  repository: https://charts.hetzner.cloud
  version: 2.21.2
digest: sha256:003ff208c2ef92174bdf4d9fdd30fb9f1fb7b703fb5687746c8e914e023aae2b
generated: "2026-06-14T12:54:04.311463693Z"
